*** Begin Patch
*** Update File: SeguroPlatform.sln
@@
-Project("{2150E333-8FDC-42A3-9474-1A3956D46DE8}") = "tests", "tests", "{35D05E22-1F35-4486-9554-779F6D2461E0}"
-EndProject
+Project("{2150E333-8FDC-42A3-9474-1A3956D46DE8}") = "tests", "tests", "{35D05E22-1F35-4486-9554-779F6D2461E0}"
+EndProject
*** End Patch
